
Microsoft Visual Studio Solution File, Format Version 12.00
# Visual Studio Version 17
VisualStudioVersion = 17.5.2.0
MinimumVisualStudioVersion = 10.0.40219.1
Project("{FAE04EC0-301F-11D3-BF4B-00C04F79EFBC}") = "PR№7071", "PR№7071.csproj", "{34082252-167E-27FD-017C-602A8F988FAB}"
EndProject
Global
	GlobalSection(SolutionConfigurationPlatforms) = preSolution
		Debug|Any CPU = Debug|Any CPU
		Release|Any CPU = Release|Any CPU
	EndGlobalSection
	GlobalSection(ProjectConfigurationPlatforms) = postSolution
		{34082252-167E-27FD-017C-602A8F988FAB}.Debug|Any CPU.ActiveCfg = Debug|Any CPU
		{34082252-167E-27FD-017C-602A8F988FAB}.Debug|Any CPU.Build.0 = Debug|Any CPU
		{34082252-167E-27FD-017C-602A8F988FAB}.Release|Any CPU.ActiveCfg = Release|Any CPU
		{34082252-167E-27FD-017C-602A8F988FAB}.Release|Any CPU.Build.0 = Release|Any CPU
	EndGlobalSection
	GlobalSection(SolutionProperties) = preSolution
		HideSolutionNode = FALSE
	EndGlobalSection
	GlobalSection(ExtensibilityGlobals) = postSolution
		SolutionGuid = {AC454501-B0D7-464D-9C0A-0F08B2D55A3E}
	EndGlobalSection
EndGlobal
